
Microsoft Visual Studio Solution File, Format Version 12.00
# Visual Studio Version 16
VisualStudioVersion = 16.0.30804.86
MinimumVisualStudioVersion = 10.0.40219.1
Project("{FAE04EC0-301F-11D3-BF4B-00C04F79EFBC}") = "Saude", "Saude\Saude.csproj", "{BF97E4CE-D906-4358-ACB3-29449E61D525}"
EndProject
Project("{FAE04EC0-301F-11D3-BF4B-00C04F79EFBC}") = "Saude.Tests", "Saude.Tests\Saude.Tests.csproj", "{A545497B-5584-46CE-B66D-EFD199FFB4CE}"
EndProject
Global
	GlobalSection(SolutionConfigurationPlatforms) = preSolution
		Debug|Any CPU = Debug|Any CPU
		Release|Any CPU = Release|Any CPU
	EndGlobalSection
	GlobalSection(ProjectConfigurationPlatforms) = postSolution
		{BF97E4CE-D906-4358-ACB3-29449E61D525}.Debug|Any CPU.ActiveCfg = Debug|Any CPU
		{BF97E4CE-D906-4358-ACB3-29449E61D525}.Debug|Any CPU.Build.0 = Debug|Any CPU
		{BF97E4CE-D906-4358-ACB3-29449E61D525}.Release|Any CPU.ActiveCfg = Release|Any CPU
		{BF97E4CE-D906-4358-ACB3-29449E61D525}.Release|Any CPU.Build.0 = Release|Any CPU
		{A545497B-5584-46CE-B66D-EFD199FFB4CE}.Debug|Any CPU.ActiveCfg = Debug|Any CPU
		{A545497B-5584-46CE-B66D-EFD199FFB4CE}.Debug|Any CPU.Build.0 = Debug|Any CPU
		{A545497B-5584-46CE-B66D-EFD199FFB4CE}.Release|Any CPU.ActiveCfg = Release|Any CPU
		{A545497B-5584-46CE-B66D-EFD199FFB4CE}.Release|Any CPU.Build.0 = Release|Any CPU
	EndGlobalSection
	GlobalSection(SolutionProperties) = preSolution
		HideSolutionNode = FALSE
	EndGlobalSection
	GlobalSection(ExtensibilityGlobals) = postSolution
		SolutionGuid = {55BD874F-D377-4C80-B5D6-D8C40857326E}
	EndGlobalSection
EndGlobal
